// !$*UTF8*$!
{
	archiveVersion = 1;
	classes = {
	};
	objectVersion = 50;
	objects = {

/* Begin PBXBuildFile section */
		5A2D60F223F2620A0074B451 /* AppDelegate.swift in Sources */ = {isa = PBXBuildFile; fileRef = 5A2D60F123F2620A0074B451 /* AppDelegate.swift */; };
		5A2D60F423F2620A0074B451 /* SceneDelegate.swift in Sources */ = {isa = PBXBuildFile; fileRef = 5A2D60F323F2620A0074B451 /* SceneDelegate.swift */; };
		5A2D60F623F2620A0074B451 /* ViewController.swift in Sources */ = {isa = PBXBuildFile; fileRef = 5A2D60F523F2620A0074B451 /* ViewController.swift */; };
		5A2D60F923F2620A0074B451 /* Main.storyboard in Resources */ = {isa = PBXBuildFile; fileRef = 5A2D60F723F2620A0074B451 /* Main.storyboard */; };
		5A2D60FC23F2620A0074B451 /* GroceryApp.xcdatamodeld in Sources */ = {isa = PBXBuildFile; fileRef = 5A2D60FA23F2620A0074B451 /* GroceryApp.xcdatamodeld */; };
		5A2D60FE23F2620B0074B451 /* Assets.xcassets in Resources */ = {isa = PBXBuildFile; fileRef = 5A2D60FD23F2620B0074B451 /* Assets.xcassets */; };
		5A2D610123F2620B0074B451 /* LaunchScreen.storyboard in Resources */ = {isa = PBXBuildFile; fileRef = 5A2D60FF23F2620B0074B451 /* LaunchScreen.storyboard */; };
		5A2D610C23F2620B0074B451 /* GroceryAppTests.swift in Sources */ = {isa = PBXBuildFile; fileRef = 5A2D610B23F2620B0074B451 /* GroceryAppTests.swift */; };
		5A2D611723F2620B0074B451 /* GroceryAppUITests.swift in Sources */ = {isa = PBXBuildFile; fileRef = 5A2D611623F2620B0074B451 /* GroceryAppUITests.swift */; };
/* End PBXBuildFile section */

/* Begin PBXContainerItemProxy section */
		5A2D610823F2620B0074B451 /* PBXContainerItemProxy */ = {
			isa = PBXContainerItemProxy;
			containerPortal = 5A2D60E623F2620A0074B451 /* Project object */;
			proxyType = 1;
			remoteGlobalIDString = 5A2D60ED23F2620A0074B451;
			remoteInfo = GroceryApp;
		};
		5A2D611323F2620B0074B451 /* PBXContainerItemProxy */ = {
			isa = PBXContainerItemProxy;
			containerPortal = 5A2D60E623F2620A0074B451 /* Project object */;
			proxyType = 1;
			remoteGlobalIDString = 5A2D60ED23F2620A0074B451;
			remoteInfo = GroceryApp;
		};
/* End PBXContainerItemProxy section */

/* Begin PBXFileReference section */
		5A2D60EE23F2620A0074B451 /* GroceryApp.app */ = {isa = PBXFileReference; explicitFileType = wrapper.application; includeInIndex = 0; path = GroceryApp.app; sourceTree = BUILT_PRODUCTS_DIR; };
		5A2D60F123F2620A0074B451 /* AppDelegate.swift */ = {isa = PBXFileReference; lastKnownFileType = sourcecode.swift; path = AppDelegate.swift; sourceTree = "<group>"; };
		5A2D60F323F2620A0074B451 /* SceneDelegate.swift */ = {isa = PBXFileReference; lastKnownFileType = sourcecode.swift; path = SceneDelegate.swift; sourceTree = "<group>"; };
		5A2D60F523F2620A0074B451 /* ViewController.swift */ = {isa = PBXFileReference; lastKnownFileType = sourcecode.swift; path = ViewController.swift; sourceTree = "<group>"; };
		5A2D60F823F2620A0074B451 /* Base */ = {isa = PBXFileReference; lastKnownFileType = file.storyboard; name = Base; path = Base.lproj/Main.storyboard; sourceTree = "<group>"; };
		5A2D60FB23F2620A0074B451 /* GroceryApp.xcdatamodel */ = {isa = PBXFileReference; lastKnownFileType = wrapper.xcdatamodel; path = GroceryApp.xcdatamodel; sourceTree = "<group>"; };
		5A2D60FD23F2620B0074B451 /* Assets.xcassets */ = {isa = PBXFileReference; lastKnownFileType = folder.assetcatalog; path = Assets.xcassets; sourceTree = "<group>"; };
		5A2D610023F2620B0074B451 /* Base */ = {isa = PBXFileReference; lastKnownFileType = file.storyboard; name = Base; path = Base.lproj/LaunchScreen.storyboard; sourceTree = "<group>"; };
		5A2D610223F2620B0074B451 /* Info.plist */ = {isa = PBXFileReference; lastKnownFileType = text.plist.xml; path = Info.plist; sourceTree = "<group>"; };
		5A2D610723F2620B0074B451 /* GroceryAppTests.xctest */ = {isa = PBXFileReference; explicitFileType = wrapper.cfbundle; includeInIndex = 0; path = GroceryAppTests.xctest; sourceTree = BUILT_PRODUCTS_DIR; };
		5A2D610B23F2620B0074B451 /* GroceryAppTests.swift */ = {isa = PBXFileReference; lastKnownFileType = sourcecode.swift; path = GroceryAppTests.swift; sourceTree = "<group>"; };
		5A2D610D23F2620B0074B451 /* Info.plist */ = {isa = PBXFileReference; lastKnownFileType = text.plist.xml; path = Info.plist; sourceTree = "<group>"; };
		5A2D611223F2620B0074B451 /* GroceryAppUITests.xctest */ = {isa = PBXFileReference; explicitFileType = wrapper.cfbundle; includeInIndex = 0; path = GroceryAppUITests.xctest; sourceTree = BUILT_PRODUCTS_DIR; };
		5A2D611623F2620B0074B451 /* GroceryAppUITests.swift */ = {isa = PBXFileReference; lastKnownFileType = sourcecode.swift; path = GroceryAppUITests.swift; sourceTree = "<group>"; };
		5A2D611823F2620B0074B451 /* Info.plist */ = {isa = PBXFileReference; lastKnownFileType = text.plist.xml; path = Info.plist; sourceTree = "<group>"; };
/* End PBXFileReference section */

/* Begin PBXFrameworksBuildPhase section */
		5A2D60EB23F2620A0074B451 /* Frameworks */ = {
			isa = PBXFrameworksBuildPhase;
			buildActionMask = 2147483647;
			files = (
			);
			runOnlyForDeploymentPostprocessing = 0;
		};
		5A2D610423F2620B0074B451 /* Frameworks */ = {
			isa = PBXFrameworksBuildPhase;
			buildActionMask = 2147483647;
			files = (
			);
			runOnlyForDeploymentPostprocessing = 0;
		};
		5A2D610F23F2620B0074B451 /* Frameworks */ = {
			isa = PBXFrameworksBuildPhase;
			buildActionMask = 2147483647;
			files = (
			);
			runOnlyForDeploymentPostprocessing = 0;
		};
/* End PBXFrameworksBuildPhase section */

/* Begin PBXGroup section */
		5A2D60E523F2620A0074B451 = {
			isa = PBXGroup;
			children = (
				5A2D60F023F2620A0074B451 /* GroceryApp */,
				5A2D610A23F2620B0074B451 /* GroceryAppTests */,
				5A2D611523F2620B0074B451 /* GroceryAppUITests */,
				5A2D60EF23F2620A0074B451 /* Products */,
			);
			sourceTree = "<group>";
		};
		5A2D60EF23F2620A0074B451 /* Products */ = {
			isa = PBXGroup;
			children = (
				5A2D60EE23F2620A0074B451 /* GroceryApp.app */,
				5A2D610723F2620B0074B451 /* GroceryAppTests.xctest */,
				5A2D611223F2620B0074B451 /* GroceryAppUITests.xctest */,
			);
			name = Products;
			sourceTree = "<group>";
		};
		5A2D60F023F2620A0074B451 /* GroceryApp */ = {
			isa = PBXGroup;
			children = (
				5A2D60F123F2620A0074B451 /* AppDelegate.swift */,
				5A2D60F323F2620A0074B451 /* SceneDelegate.swift */,
				5A2D60F523F2620A0074B451 /* ViewController.swift */,
				5A2D60F723F2620A0074B451 /* Main.storyboard */,
				5A2D60FD23F2620B0074B451 /* Assets.xcassets */,
				5A2D60FF23F2620B0074B451 /* LaunchScreen.storyboard */,
				5A2D610223F2620B0074B451 /* Info.plist */,
				5A2D60FA23F2620A0074B451 /* GroceryApp.xcdatamodeld */,
			);
			path = GroceryApp;
			sourceTree = "<group>";
		};
		5A2D610A23F2620B0074B451 /* GroceryAppTests */ = {
			isa = PBXGroup;
			children = (
				5A2D610B23F2620B0074B451 /* GroceryAppTests.swift */,
				5A2D610D23F2620B0074B451 /* Info.plist */,
			);
			path = GroceryAppTests;
			sourceTree = "<group>";
		};
		5A2D611523F2620B0074B451 /* GroceryAppUITests */ = {
			isa = PBXGroup;
			children = (
				5A2D611623F2620B0074B451 /* GroceryAppUITests.swift */,
				5A2D611823F2620B0074B451 /* Info.plist */,
			);
			path = GroceryAppUITests;
			sourceTree = "<group>";
		};
/* End PBXGroup section */

/* Begin PBXNativeTarget section */
		5A2D60ED23F2620A0074B451 /* GroceryApp */ = {
			isa = PBXNativeTarget;
			buildConfigurationList = 5A2D611B23F2620B0074B451 /* Build configuration list for PBXNativeTarget "GroceryApp" */;
			buildPhases = (
				5A2D60EA23F2620A0074B451 /* Sources */,
				5A2D60EB23F2620A0074B451 /* Frameworks */,
				5A2D60EC23F2620A0074B451 /* Resources */,
			);
			buildRules = (
			);
			dependencies = (
			);
			name = GroceryApp;
			productName = GroceryApp;
			productReference = 5A2D60EE23F2620A0074B451 /* GroceryApp.app */;
			productType = "com.apple.product-type.application";
		};
		5A2D610623F2620B0074B451 /* GroceryAppTests */ = {
			isa = PBXNativeTarget;
			buildConfigurationList = 5A2D611E23F2620B0074B451 /* Build configuration list for PBXNativeTarget "GroceryAppTests" */;
			buildPhases = (
				5A2D610323F2620B0074B451 /* Sources */,
				5A2D610423F2620B0074B451 /* Frameworks */,
				5A2D610523F2620B0074B451 /* Resources */,
			);
			buildRules = (
			);
			dependencies = (
				5A2D610923F2620B0074B451 /* PBXTargetDependency */,
			);
			name = GroceryAppTests;
			productName = GroceryAppTests;
			productReference = 5A2D610723F2620B0074B451 /* GroceryAppTests.xctest */;
			productType = "com.apple.product-type.bundle.unit-test";
		};
		5A2D611123F2620B0074B451 /* GroceryAppUITests */ = {
			isa = PBXNativeTarget;
			buildConfigurationList = 5A2D612123F2620B0074B451 /* Build configuration list for PBXNativeTarget "GroceryAppUITests" */;
			buildPhases = (
				5A2D610E23F2620B0074B451 /* Sources */,
				5A2D610F23F2620B0074B451 /* Frameworks */,
				5A2D611023F2620B0074B451 /* Resources */,
			);
			buildRules = (
			);
			dependencies = (
				5A2D611423F2620B0074B451 /* PBXTargetDependency */,
			);
			name = GroceryAppUITests;
			productName = GroceryAppUITests;
			productReference = 5A2D611223F2620B0074B451 /* GroceryAppUITests.xctest */;
			productType = "com.apple.product-type.bundle.ui-testing";
		};
/* End PBXNativeTarget section */

/* Begin PBXProject section */
		5A2D60E623F2620A0074B451 /* Project object */ = {
			isa = PBXProject;
			attributes = {
				LastSwiftUpdateCheck = 1130;
				LastUpgradeCheck = 1130;
				ORGANIZATIONNAME = "Shubham Kapoor";
				TargetAttributes = {
					5A2D60ED23F2620A0074B451 = {
						CreatedOnToolsVersion = 11.3.1;
					};
					5A2D610623F2620B0074B451 = {
						CreatedOnToolsVersion = 11.3.1;
						TestTargetID = 5A2D60ED23F2620A0074B451;
					};
					5A2D611123F2620B0074B451 = {
						CreatedOnToolsVersion = 11.3.1;
						TestTargetID = 5A2D60ED23F2620A0074B451;
					};
				};
			};
			buildConfigurationList = 5A2D60E923F2620A0074B451 /* Build configuration list for PBXProject "GroceryApp" */;
			compatibilityVersion = "Xcode 9.3";
			developmentRegion = en;
			hasScannedForEncodings = 0;
			knownRegions = (
				en,
				Base,
			);
			mainGroup = 5A2D60E523F2620A0074B451;
			productRefGroup = 5A2D60EF23F2620A0074B451 /* Products */;
			projectDirPath = "";
			projectRoot = "";
			targets = (
				5A2D60ED23F2620A0074B451 /* GroceryApp */,
				5A2D610623F2620B0074B451 /* GroceryAppTests */,
				5A2D611123F2620B0074B451 /* GroceryAppUITests */,
			);
		};
/* End PBXProject section */

/* Begin PBXResourcesBuildPhase section */
		5A2D60EC23F2620A0074B451 /* Resources */ = {
			isa = PBXResourcesBuildPhase;
			buildActionMask = 2147483647;
			files = (
				5A2D610123F2620B0074B451 /* LaunchScreen.storyboard in Resources */,
				5A2D60FE23F2620B0074B451 /* Assets.xcassets in Resources */,
				5A2D60F923F2620A0074B451 /* Main.storyboard in Resources */,
			);
			runOnlyForDeploymentPostprocessing = 0;
		};
		5A2D610523F2620B0074B451 /* Resources */ = {
			isa = PBXResourcesBuildPhase;
			buildActionMask = 2147483647;
			files = (
			);
			runOnlyForDeploymentPostprocessing = 0;
		};
		5A2D611023F2620B0074B451 /* Resources */ = {
			isa = PBXResourcesBuildPhase;
			buildActionMask = 2147483647;
			files = (
			);
			runOnlyForDeploymentPostprocessing = 0;
		};
/* End PBXResourcesBuildPhase section */

/* Begin PBXSourcesBuildPhase section */
		5A2D60EA23F2620A0074B451 /* Sources */ = {
			isa = PBXSourcesBuildPhase;
			buildActionMask = 2147483647;
			files = (
				5A2D60F623F2620A0074B451 /* ViewController.swift in Sources */,
				5A2D60F223F2620A0074B451 /* AppDelegate.swift in Sources */,
				5A2D60F423F2620A0074B451 /* SceneDelegate.swift in Sources */,
				5A2D60FC23F2620A0074B451 /* GroceryApp.xcdatamodeld in Sources */,
			);
			runOnlyForDeploymentPostprocessing = 0;
		};
		5A2D610323F2620B0074B451 /* Sources */ = {
			isa = PBXSourcesBuildPhase;
			buildActionMask = 2147483647;
			files = (
				5A2D610C23F2620B0074B451 /* GroceryAppTests.swift in Sources */,
			);
			runOnlyForDeploymentPostprocessing = 0;
		};
		5A2D610E23F2620B0074B451 /* Sources */ = {
			isa = PBXSourcesBuildPhase;
			buildActionMask = 2147483647;
			files = (
				5A2D611723F2620B0074B451 /* GroceryAppUITests.swift in Sources */,
			);
			runOnlyForDeploymentPostprocessing = 0;
		};
/* End PBXSourcesBuildPhase section */

/* Begin PBXTargetDependency section */
		5A2D610923F2620B0074B451 /* PBXTargetDependency */ = {
			isa = PBXTargetDependency;
			target = 5A2D60ED23F2620A0074B451 /* GroceryApp */;
			targetProxy = 5A2D610823F2620B0074B451 /* PBXContainerItemProxy */;
		};
		5A2D611423F2620B0074B451 /* PBXTargetDependency */ = {
			isa = PBXTargetDependency;
			target = 5A2D60ED23F2620A0074B451 /* GroceryApp */;
			targetProxy = 5A2D611323F2620B0074B451 /* PBXContainerItemProxy */;
		};
/* End PBXTargetDependency section */

/* Begin PBXVariantGroup section */
		5A2D60F723F2620A0074B451 /* Main.storyboard */ = {
			isa = PBXVariantGroup;
			children = (
				5A2D60F823F2620A0074B451 /* Base */,
			);
			name = Main.storyboard;
			sourceTree = "<group>";
		};
		5A2D60FF23F2620B0074B451 /* LaunchScreen.storyboard */ = {
			isa = PBXVariantGroup;
			children = (
				5A2D610023F2620B0074B451 /* Base */,
			);
			name = LaunchScreen.storyboard;
			sourceTree = "<group>";
		};
/* End PBXVariantGroup section */

/* Begin XCBuildConfiguration section */
		5A2D611923F2620B0074B451 /* Debug */ = {
			isa = XCBuildConfiguration;
			buildSettings = {
				ALWAYS_SEARCH_USER_PATHS = NO;
				CLANG_ANALYZER_NONNULL = YES;
				CLANG_ANALYZER_NUMBER_OBJECT_CONVERSION = YES_AGGRESSIVE;
				CLANG_CXX_LANGUAGE_STANDARD = "gnu++14";
				CLANG_CXX_LIBRARY = "libc++";
				CLANG_ENABLE_MODULES = YES;
				CLANG_ENABLE_OBJC_ARC = YES;
				CLANG_ENABLE_OBJC_WEAK = YES;
				CLANG_WARN_BLOCK_CAPTURE_AUTORELEASING = YES;
				CLANG_WARN_BOOL_CONVERSION = YES;
				CLANG_WARN_COMMA = YES;
				CLANG_WARN_CONSTANT_CONVERSION = YES;
				CLANG_WARN_DEPRECATED_OBJC_IMPLEMENTATIONS = YES;
				CLANG_WARN_DIRECT_OBJC_ISA_USAGE = YES_ERROR;
				CLANG_WARN_DOCUMENTATION_COMMENTS = YES;
				CLANG_WARN_EMPTY_BODY = YES;
				CLANG_WARN_ENUM_CONVERSION = YES;
				CLANG_WARN_INFINITE_RECURSION = YES;
				CLANG_WARN_INT_CONVERSION = YES;
				CLANG_WARN_NON_LITERAL_NULL_CONVERSION = YES;
				CLANG_WARN_OBJC_IMPLICIT_RETAIN_SELF = YES;
				CLANG_WARN_OBJC_LITERAL_CONVERSION = YES;
				CLANG_WARN_OBJC_ROOT_CLASS = YES_ERROR;
				CLANG_WARN_RANGE_LOOP_ANALYSIS = YES;
				CLANG_WARN_STRICT_PROTOTYPES = YES;
				CLANG_WARN_SUSPICIOUS_MOVE = YES;
				CLANG_WARN_UNGUARDED_AVAILABILITY = YES_AGGRESSIVE;
				CLANG_WARN_UNREACHABLE_CODE = YES;
				CLANG_WARN__DUPLICATE_METHOD_MATCH = YES;
				COPY_PHASE_STRIP = NO;
				DEBUG_INFORMATION_FORMAT = dwarf;
				ENABLE_STRICT_OBJC_MSGSEND = YES;
				ENABLE_TESTABILITY = YES;
				GCC_C_LANGUAGE_STANDARD = gnu11;
				GCC_DYNAMIC_NO_PIC = NO;
				GCC_NO_COMMON_BLOCKS = YES;
				GCC_OPTIMIZATION_LEVEL = 0;
				GCC_PREPROCESSOR_DEFINITIONS = (
					"DEBUG=1",
					"$(inherited)",
				);
				GCC_WARN_64_TO_32_BIT_CONVERSION = YES;
				GCC_WARN_ABOUT_RETURN_TYPE = YES_ERROR;
				GCC_WARN_UNDECLARED_SELECTOR = YES;
				GCC_WARN_UNINITIALIZED_AUTOS = YES_AGGRESSIVE;
				GCC_WARN_UNUSED_FUNCTION = YES;
				GCC_WARN_UNUSED_VARIABLE = YES;
				IPHONEOS_DEPLOYMENT_TARGET = 13.2;
				MTL_ENABLE_DEBUG_INFO = INCLUDE_SOURCE;
				MTL_FAST_MATH = YES;
				ONLY_ACTIVE_ARCH = YES;
				SDKROOT = iphoneos;
				SWIFT_ACTIVE_COMPILATION_CONDITIONS = DEBUG;
				SWIFT_OPTIMIZATION_LEVEL = "-Onone";
			};
			name = Debug;
		};
		5A2D611A23F2620B0074B451 /* Release */ = {
			isa = XCBuildConfiguration;
			buildSettings = {
				ALWAYS_SEARCH_USER_PATHS = NO;
				CLANG_ANALYZER_NONNULL = YES;
				CLANG_ANALYZER_NUMBER_OBJECT_CONVERSION = YES_AGGRESSIVE;
				CLANG_CXX_LANGUAGE_STANDARD = "gnu++14";
				CLANG_CXX_LIBRARY = "libc++";
				CLANG_ENABLE_MODULES = YES;
				CLANG_ENABLE_OBJC_ARC = YES;
				CLANG_ENABLE_OBJC_WEAK = YES;
				CLANG_WARN_BLOCK_CAPTURE_AUTORELEASING = YES;
				CLANG_WARN_BOOL_CONVERSION = YES;
				CLANG_WARN_COMMA = YES;
				CLANG_WARN_CONSTANT_CONVERSION = YES;
				CLANG_WARN_DEPRECATED_OBJC_IMPLEMENTATIONS = YES;
				CLANG_WARN_DIRECT_OBJC_ISA_USAGE = YES_ERROR;
				CLANG_WARN_DOCUMENTATION_COMMENTS = YES;
				CLANG_WARN_EMPTY_BODY = YES;
				CLANG_WARN_ENUM_CONVERSION = YES;
				CLANG_WARN_INFINITE_RECURSION = YES;
				CLANG_WARN_INT_CONVERSION = YES;
				CLANG_WARN_NON_LITERAL_NULL_CONVERSION = YES;
				CLANG_WARN_OBJC_IMPLICIT_RETAIN_SELF = YES;
				CLANG_WARN_OBJC_LITERAL_CONVERSION = YES;
				CLANG_WARN_OBJC_ROOT_CLASS = YES_ERROR;
				CLANG_WARN_RANGE_LOOP_ANALYSIS = YES;
				CLANG_WARN_STRICT_PROTOTYPES = YES;
				CLANG_WARN_SUSPICIOUS_MOVE = YES;
				CLANG_WARN_UNGUARDED_AVAILABILITY = YES_AGGRESSIVE;
				CLANG_WARN_UNREACHABLE_CODE = YES;
				CLANG_WARN__DUPLICATE_METHOD_MATCH = YES;
				COPY_PHASE_STRIP = NO;
				DEBUG_INFORMATION_FORMAT = "dwarf-with-dsym";
				ENABLE_NS_ASSERTIONS = NO;
				ENABLE_STRICT_OBJC_MSGSEND = YES;
				GCC_C_LANGUAGE_STANDARD = gnu11;
				GCC_NO_COMMON_BLOCKS = YES;
				GCC_WARN_64_TO_32_BIT_CONVERSION = YES;
				GCC_WARN_ABOUT_RETURN_TYPE = YES_ERROR;
				GCC_WARN_UNDECLARED_SELECTOR = YES;
				GCC_WARN_UNINITIALIZED_AUTOS = YES_AGGRESSIVE;
				GCC_WARN_UNUSED_FUNCTION = YES;
				GCC_WARN_UNUSED_VARIABLE = YES;
				IPHONEOS_DEPLOYMENT_TARGET = 13.2;
				MTL_ENABLE_DEBUG_INFO = NO;
				MTL_FAST_MATH = YES;
				SDKROOT = iphoneos;
				SWIFT_COMPILATION_MODE = wholemodule;
				SWIFT_OPTIMIZATION_LEVEL = "-O";
				VALIDATE_PRODUCT = YES;
			};
			name = Release;
		};
		5A2D611C23F2620B0074B451 /* Debug */ = {
			isa = XCBuildConfiguration;
			buildSettings = {
				ASSETCATALOG_COMPILER_APPICON_NAME = AppIcon;
				CODE_SIGN_STYLE = Automatic;
				DEVELOPMENT_TEAM = E4WCXE99EM;
				INFOPLIST_FILE = GroceryApp/Info.plist;
				LD_RUNPATH_SEARCH_PATHS = (
					"$(inherited)",
					"@executable_path/Frameworks",
				);
				PRODUCT_BUNDLE_IDENTIFIER = com.shubham.GroceryApp;
				PRODUCT_NAME = "$(TARGET_NAME)";
				SWIFT_VERSION = 5.0;
				TARGETED_DEVICE_FAMILY = "1,2";
			};
			name = Debug;
		};
		5A2D611D23F2620B0074B451 /* Release */ = {
			isa = XCBuildConfiguration;
			buildSettings = {
				ASSETCATALOG_COMPILER_APPICON_NAME = AppIcon;
				CODE_SIGN_STYLE = Automatic;
				DEVELOPMENT_TEAM = E4WCXE99EM;
				INFOPLIST_FILE = GroceryApp/Info.plist;
				LD_RUNPATH_SEARCH_PATHS = (
					"$(inherited)",
					"@executable_path/Frameworks",
				);
				PRODUCT_BUNDLE_IDENTIFIER = com.shubham.GroceryApp;
				PRODUCT_NAME = "$(TARGET_NAME)";
				SWIFT_VERSION = 5.0;
				TARGETED_DEVICE_FAMILY = "1,2";
			};
			name = Release;
		};
		5A2D611F23F2620B0074B451 /* Debug */ = {
			isa = XCBuildConfiguration;
			buildSettings = {
				ALWAYS_EMBED_SWIFT_STANDARD_LIBRARIES = YES;
				BUNDLE_LOADER = "$(TEST_HOST)";
				CODE_SIGN_STYLE = Automatic;
				DEVELOPMENT_TEAM = E4WCXE99EM;
				INFOPLIST_FILE = GroceryAppTests/Info.plist;
				IPHONEOS_DEPLOYMENT_TARGET = 13.2;
				LD_RUNPATH_SEARCH_PATHS = (
					"$(inherited)",
					"@executable_path/Frameworks",
					"@loader_path/Frameworks",
				);
				PRODUCT_BUNDLE_IDENTIFIER = com.shubham.GroceryAppTests;
				PRODUCT_NAME = "$(TARGET_NAME)";
				SWIFT_VERSION = 5.0;
				TARGETED_DEVICE_FAMILY = "1,2";
				TEST_HOST = "$(BUILT_PRODUCTS_DIR)/GroceryApp.app/GroceryApp";
			};
			name = Debug;
		};
		5A2D612023F2620B0074B451 /* Release */ = {
			isa = XCBuildConfiguration;
			buildSettings = {
				ALWAYS_EMBED_SWIFT_STANDARD_LIBRARIES = YES;
				BUNDLE_LOADER = "$(TEST_HOST)";
				CODE_SIGN_STYLE = Automatic;
				DEVELOPMENT_TEAM = E4WCXE99EM;
				INFOPLIST_FILE = GroceryAppTests/Info.plist;
				IPHONEOS_DEPLOYMENT_TARGET = 13.2;
				LD_RUNPATH_SEARCH_PATHS = (
					"$(inherited)",
					"@executable_path/Frameworks",
					"@loader_path/Frameworks",
				);
				PRODUCT_BUNDLE_IDENTIFIER = com.shubham.GroceryAppTests;
				PRODUCT_NAME = "$(TARGET_NAME)";
				SWIFT_VERSION = 5.0;
				TARGETED_DEVICE_FAMILY = "1,2";
				TEST_HOST = "$(BUILT_PRODUCTS_DIR)/GroceryApp.app/GroceryApp";
			};
			name = Release;
		};
		5A2D612223F2620B0074B451 /* Debug */ = {
			isa = XCBuildConfiguration;
			buildSettings = {
				ALWAYS_EMBED_SWIFT_STANDARD_LIBRARIES = YES;
				CODE_SIGN_STYLE = Automatic;
				DEVELOPMENT_TEAM = E4WCXE99EM;
				INFOPLIST_FILE = GroceryAppUITests/Info.plist;
				LD_RUNPATH_SEARCH_PATHS = (
					"$(inherited)",
					"@executable_path/Frameworks",
					"@loader_path/Frameworks",
				);
				PRODUCT_BUNDLE_IDENTIFIER = com.shubham.GroceryAppUITests;
				PRODUCT_NAME = "$(TARGET_NAME)";
				SWIFT_VERSION = 5.0;
				TARGETED_DEVICE_FAMILY = "1,2";
				TEST_TARGET_NAME = GroceryApp;
			};
			name = Debug;
		};
		5A2D612323F2620B0074B451 /* Release */ = {
			isa = XCBuildConfiguration;
			buildSettings = {
				ALWAYS_EMBED_SWIFT_STANDARD_LIBRARIES = YES;
				CODE_SIGN_STYLE = Automatic;
				DEVELOPMENT_TEAM = E4WCXE99EM;
				INFOPLIST_FILE = GroceryAppUITests/Info.plist;
				LD_RUNPATH_SEARCH_PATHS = (
					"$(inherited)",
					"@executable_path/Frameworks",
					"@loader_path/Frameworks",
				);
				PRODUCT_BUNDLE_IDENTIFIER = com.shubham.GroceryAppUITests;
				PRODUCT_NAME = "$(TARGET_NAME)";
				SWIFT_VERSION = 5.0;
				TARGETED_DEVICE_FAMILY = "1,2";
				TEST_TARGET_NAME = GroceryApp;
			};
			name = Release;
		};
/* End XCBuildConfiguration section */

/* Begin XCConfigurationList section */
		5A2D60E923F2620A0074B451 /* Build configuration list for PBXProject "GroceryApp" */ = {
			isa = XCConfigurationList;
			buildConfigurations = (
				5A2D611923F2620B0074B451 /* Debug */,
				5A2D611A23F2620B0074B451 /* Release */,
			);
			defaultConfigurationIsVisible = 0;
			defaultConfigurationName = Release;
		};
		5A2D611B23F2620B0074B451 /* Build configuration list for PBXNativeTarget "GroceryApp" */ = {
			isa = XCConfigurationList;
			buildConfigurations = (
				5A2D611C23F2620B0074B451 /* Debug */,
				5A2D611D23F2620B0074B451 /* Release */,
			);
			defaultConfigurationIsVisible = 0;
			defaultConfigurationName = Release;
		};
		5A2D611E23F2620B0074B451 /* Build configuration list for PBXNativeTarget "GroceryAppTests" */ = {
			isa = XCConfigurationList;
			buildConfigurations = (
				5A2D611F23F2620B0074B451 /* Debug */,
				5A2D612023F2620B0074B451 /* Release */,
			);
			defaultConfigurationIsVisible = 0;
			defaultConfigurationName = Release;
		};
		5A2D612123F2620B0074B451 /* Build configuration list for PBXNativeTarget "GroceryAppUITests" */ = {
			isa = XCConfigurationList;
			buildConfigurations = (
				5A2D612223F2620B0074B451 /* Debug */,
				5A2D612323F2620B0074B451 /* Release */,
			);
			defaultConfigurationIsVisible = 0;
			defaultConfigurationName = Release;
		};
/* End XCConfigurationList section */

/* Begin XCVersionGroup section */
		5A2D60FA23F2620A0074B451 /* GroceryApp.xcdatamodeld */ = {
			isa = XCVersionGroup;
			children = (
				5A2D60FB23F2620A0074B451 /* GroceryApp.xcdatamodel */,
			);
			currentVersion = 5A2D60FB23F2620A0074B451 /* GroceryApp.xcdatamodel */;
			path = GroceryApp.xcdatamodeld;
			sourceTree = "<group>";
			versionGroupType = wrapper.xcdatamodel;
		};
/* End XCVersionGroup section */
	};
	rootObject = 5A2D60E623F2620A0074B451 /* Project object */;
}
